{
  "name": "SjaPathway",
  "lockfileVersion": 2,
  "requires": true,
  "packages": {
    "": {
      "devDependencies": {
        "stylelint-config-standard": "^38.0.0",
        "stylelint-stylistic": "^0.4.5"
      }
    },
    "node_modules/is-plain-object": {
      "version": "5.0.0",
      "resolved": "https://registry.npmjs.org/is-plain-object/-/is-plain-object-5.0.0.tgz",
      "integrity": "sha512-VRSzKkbMm5jMDoKLbltAkFQ5Qr7VDiTFGXxYFXXowVj387GeGNOCsOH6Msy00SGZ3Fp84b1Naa1psqgcCIEP5Q==",
      "dev": true,
      "engines": {
        "node": ">=0.10.0"
      }
    },
    "node_modules/nanoid": {
      "version": "3.3.11",
      "resolved": "https://registry.npmjs.org/nanoid/-/nanoid-3.3.11.tgz",
      "integrity": "sha512-N8SpfPUnUp1bK+PMYW8qSWdl9U+wwNWI4QKxOYDy9JAro3WMX7p2OeVRF9v+347pnakNevPmiHhNmZ2HbFA76w==",
      "dev": true,
      "funding": [
        {
          "type": "github",
          "url": "https://github.com/sponsors/ai"
        }
      ],
      "bin": {
        "nanoid": "bin/nanoid.cjs"
      },
      "engines": {
        "node": "^10 || ^12 || ^13.7 || ^14 || >=15.0.1"
      }
    },
    "node_modules/picocolors": {
      "version": "1.1.1",
      "resolved": "https://registry.npmjs.org/picocolors/-/picocolors-1.1.1.tgz",
      "integrity": "sha512-xceH2snhtb5M9liqDsmEw56le376mTZkEX/jEb/RxNFyegNul7eNslCXP9FDj/Lcu0X8KEyMceP2ntpaHrDEVA==",
      "dev": true
    },
    "node_modules/postcss": {
      "version": "8.5.3",
      "resolved": "https://registry.npmjs.org/postcss/-/postcss-8.5.3.tgz",
      "integrity": "sha512-dle9A3yYxlBSrt8Fu+IpjGT8SY8hN0mlaA6GY8t0P5PjIOZemULz/E2Bnm/2dcUOena75OTNkHI76uZBNUUq3A==",
      "dev": true,
      "funding": [
        {
          "type": "opencollective",
          "url": "https://opencollective.com/postcss/"
        },
        {
          "type": "tidelift",
          "url": "https://tidelift.com/funding/github/npm/postcss"
        },
        {
          "type": "github",
          "url": "https://github.com/sponsors/ai"
        }
      ],
      "dependencies": {
        "nanoid": "^3.3.8",
        "picocolors": "^1.1.1",
        "source-map-js": "^1.2.1"
      },
      "engines": {
        "node": "^10 || ^12 || >=14"
      }
    },
    "node_modules/postcss-media-query-parser": {
      "version": "0.2.3",
      "resolved": "https://registry.npmjs.org/postcss-media-query-parser/-/postcss-media-query-parser-0.2.3.tgz",
      "integrity": "sha512-3sOlxmbKcSHMjlUXQZKQ06jOswE7oVkXPxmZdoB1r5l0q6gTFTQSHxNxOrCccElbW7dxNytifNEo8qidX2Vsig==",
      "dev": true
    },
    "node_modules/postcss-value-parser": {
      "version": "4.2.0",
      "resolved": "https://registry.npmjs.org/postcss-value-parser/-/postcss-value-parser-4.2.0.tgz",
      "integrity": "sha512-1NNCs6uurfkVbeXG4S8JFT9t19m45ICnif8zWLd5oPSZ50QnwMfK+H3jv408d4jw/7Bttv5axS5IiHoLaVNHeQ==",
      "dev": true
    },
    "node_modules/source-map-js": {
      "version": "1.2.1",
      "resolved": "https://registry.npmjs.org/source-map-js/-/source-map-js-1.2.1.tgz",
      "integrity": "sha512-UXWMKhLOwVKb728IUtQPXxfYU+usdybtUrK/8uGE8CQMvrhOpwvzDBwj0QhSL7MQc7vIsISBG8VQ8+IDQxpfQA==",
      "dev": true,
      "engines": {
        "node": ">=0.10.0"
      }
    },
    "node_modules/style-search": {
      "version": "0.1.0",
      "resolved": "https://registry.npmjs.org/style-search/-/style-search-0.1.0.tgz",
      "integrity": "sha512-Dj1Okke1C3uKKwQcetra4jSuk0DqbzbYtXipzFlFMZtowbF1x7BKJwB9AayVMyFARvU8EDrZdcax4At/452cAg==",
      "dev": true
    },
    "node_modules/stylelint-config-recommended": {
      "version": "16.0.0",
      "resolved": "https://registry.npmjs.org/stylelint-config-recommended/-/stylelint-config-recommended-16.0.0.tgz",
      "integrity": "sha512-4RSmPjQegF34wNcK1e1O3Uz91HN8P1aFdFzio90wNK9mjgAI19u5vsU868cVZboKzCaa5XbpvtTzAAGQAxpcXA==",
      "dev": true,
      "funding": [
        {
          "type": "opencollective",
          "url": "https://opencollective.com/stylelint"
        },
        {
          "type": "github",
          "url": "https://github.com/sponsors/stylelint"
        }
      ],
      "engines": {
        "node": ">=18.12.0"
      },
      "peerDependencies": {
        "stylelint": "^16.16.0"
      }
    },
    "node_modules/stylelint-config-standard": {
      "version": "38.0.0",
      "resolved": "https://registry.npmjs.org/stylelint-config-standard/-/stylelint-config-standard-38.0.0.tgz",
      "integrity": "sha512-uj3JIX+dpFseqd/DJx8Gy3PcRAJhlEZ2IrlFOc4LUxBX/PNMEQ198x7LCOE2Q5oT9Vw8nyc4CIL78xSqPr6iag==",
      "dev": true,
      "funding": [
        {
          "type": "opencollective",
          "url": "https://opencollective.com/stylelint"
        },
        {
          "type": "github",
          "url": "https://github.com/sponsors/stylelint"
        }
      ],
      "dependencies": {
        "stylelint-config-recommended": "^16.0.0"
      },
      "engines": {
        "node": ">=18.12.0"
      },
      "peerDependencies": {
        "stylelint": "^16.18.0"
      }
    },
    "node_modules/stylelint-stylistic": {
      "version": "0.4.5",
      "resolved": "https://registry.npmjs.org/stylelint-stylistic/-/stylelint-stylistic-0.4.5.tgz",
      "integrity": "sha512-E3Mz68yqmZe5Zk5UraR5MA2DjxgfE2TCZerDPk+fcd9dwLjwRupAt0j+Q1fBJRE3vhh3PvToKDhvhfMHf1tfNg==",
      "deprecated": "This package has been deprecated in favor of @stylistic/stylelint-plugin",
      "dev": true,
      "dependencies": {
        "is-plain-object": "^5.0.0",
        "postcss": "^8.4.21",
        "postcss-media-query-parser": "^0.2.3",
        "postcss-value-parser": "^4.2.0",
        "style-search": "^0.1.0"
      },
      "peerDependencies": {
        "stylelint": "^15.0.0"
      }
    }
  },
  "dependencies": {
    "is-plain-object": {
      "version": "5.0.0",
      "resolved": "https://registry.npmjs.org/is-plain-object/-/is-plain-object-5.0.0.tgz",
      "integrity": "sha512-VRSzKkbMm5jMDoKLbltAkFQ5Qr7VDiTFGXxYFXXowVj387GeGNOCsOH6Msy00SGZ3Fp84b1Naa1psqgcCIEP5Q==",
      "dev": true
    },
    "nanoid": {
      "version": "3.3.11",
      "resolved": "https://registry.npmjs.org/nanoid/-/nanoid-3.3.11.tgz",
      "integrity": "sha512-N8SpfPUnUp1bK+PMYW8qSWdl9U+wwNWI4QKxOYDy9JAro3WMX7p2OeVRF9v+347pnakNevPmiHhNmZ2HbFA76w==",
      "dev": true
    },
    "picocolors": {
      "version": "1.1.1",
      "resolved": "https://registry.npmjs.org/picocolors/-/picocolors-1.1.1.tgz",
      "integrity": "sha512-xceH2snhtb5M9liqDsmEw56le376mTZkEX/jEb/RxNFyegNul7eNslCXP9FDj/Lcu0X8KEyMceP2ntpaHrDEVA==",
      "dev": true
    },
    "postcss": {
      "version": "8.5.3",
      "resolved": "https://registry.npmjs.org/postcss/-/postcss-8.5.3.tgz",
      "integrity": "sha512-dle9A3yYxlBSrt8Fu+IpjGT8SY8hN0mlaA6GY8t0P5PjIOZemULz/E2Bnm/2dcUOena75OTNkHI76uZBNUUq3A==",
      "dev": true,
      "requires": {
        "nanoid": "^3.3.8",
        "picocolors": "^1.1.1",
        "source-map-js": "^1.2.1"
      }
    },
    "postcss-media-query-parser": {
      "version": "0.2.3",
      "resolved": "https://registry.npmjs.org/postcss-media-query-parser/-/postcss-media-query-parser-0.2.3.tgz",
      "integrity": "sha512-3sOlxmbKcSHMjlUXQZKQ06jOswE7oVkXPxmZdoB1r5l0q6gTFTQSHxNxOrCccElbW7dxNytifNEo8qidX2Vsig==",
      "dev": true
    },
    "postcss-value-parser": {
      "version": "4.2.0",
      "resolved": "https://registry.npmjs.org/postcss-value-parser/-/postcss-value-parser-4.2.0.tgz",
      "integrity": "sha512-1NNCs6uurfkVbeXG4S8JFT9t19m45ICnif8zWLd5oPSZ50QnwMfK+H3jv408d4jw/7Bttv5axS5IiHoLaVNHeQ==",
      "dev": true
    },
    "source-map-js": {
      "version": "1.2.1",
      "resolved": "https://registry.npmjs.org/source-map-js/-/source-map-js-1.2.1.tgz",
      "integrity": "sha512-UXWMKhLOwVKb728IUtQPXxfYU+usdybtUrK/8uGE8CQMvrhOpwvzDBwj0QhSL7MQc7vIsISBG8VQ8+IDQxpfQA==",
      "dev": true
    },
    "style-search": {
      "version": "0.1.0",
      "resolved": "https://registry.npmjs.org/style-search/-/style-search-0.1.0.tgz",
      "integrity": "sha512-Dj1Okke1C3uKKwQcetra4jSuk0DqbzbYtXipzFlFMZtowbF1x7BKJwB9AayVMyFARvU8EDrZdcax4At/452cAg==",
      "dev": true
    },
    "stylelint-config-recommended": {
      "version": "16.0.0",
      "resolved": "https://registry.npmjs.org/stylelint-config-recommended/-/stylelint-config-recommended-16.0.0.tgz",
      "integrity": "sha512-4RSmPjQegF34wNcK1e1O3Uz91HN8P1aFdFzio90wNK9mjgAI19u5vsU868cVZboKzCaa5XbpvtTzAAGQAxpcXA==",
      "dev": true
    },
    "stylelint-config-standard": {
      "version": "38.0.0",
      "resolved": "https://registry.npmjs.org/stylelint-config-standard/-/stylelint-config-standard-38.0.0.tgz",
      "integrity": "sha512-uj3JIX+dpFseqd/DJx8Gy3PcRAJhlEZ2IrlFOc4LUxBX/PNMEQ198x7LCOE2Q5oT9Vw8nyc4CIL78xSqPr6iag==",
      "dev": true,
      "requires": {
        "stylelint-config-recommended": "^16.0.0"
      }
    },
    "stylelint-stylistic": {
      "version": "0.4.5",
      "resolved": "https://registry.npmjs.org/stylelint-stylistic/-/stylelint-stylistic-0.4.5.tgz",
      "integrity": "sha512-E3Mz68yqmZe5Zk5UraR5MA2DjxgfE2TCZerDPk+fcd9dwLjwRupAt0j+Q1fBJRE3vhh3PvToKDhvhfMHf1tfNg==",
      "dev": true,
      "requires": {
        "is-plain-object": "^5.0.0",
        "postcss": "^8.4.21",
        "postcss-media-query-parser": "^0.2.3",
        "postcss-value-parser": "^4.2.0",
        "style-search": "^0.1.0"
      }
    }
  }
}
